// !$*UTF8*$!
{
	archiveVersion = 1;
	classes = {
	};
	objectVersion = 56;
	objects = {

/* Begin PBXBuildFile section */
		5C444E882C0B4CA800D9A836 /* CoreLocation.framework in Frameworks */ = {isa = PBXBuildFile; fileRef = 5C444E872C0B4CA800D9A836 /* CoreLocation.framework */; };
		5C444E8A2C0B4CAE00D9A836 /* MapKit.framework in Frameworks */ = {isa = PBXBuildFile; fileRef = 5C444E892C0B4CAE00D9A836 /* MapKit.framework */; };
		5C745B152C0C2E72000339AC /* WarheadViewController.swift in Sources */ = {isa = PBXBuildFile; fileRef = 5C745B142C0C2E72000339AC /* WarheadViewController.swift */; };
		5C745B172C0C3EA7000339AC /* LocationPickerViewController.swift in Sources */ = {isa = PBXBuildFile; fileRef = 5C745B162C0C3EA7000339AC /* LocationPickerViewController.swift */; };
		5C745B192C0C4337000339AC /* PayloadPickerViewController.swift in Sources */ = {isa = PBXBuildFile; fileRef = 5C745B182C0C4337000339AC /* PayloadPickerViewController.swift */; };
		5C822D602C0B2F6800B691CA /* AppDelegate.swift in Sources */ = {isa = PBXBuildFile; fileRef = 5C822D5F2C0B2F6800B691CA /* AppDelegate.swift */; };
		5C822D622C0B2F6800B691CA /* SceneDelegate.swift in Sources */ = {isa = PBXBuildFile; fileRef = 5C822D612C0B2F6800B691CA /* SceneDelegate.swift */; };
		5C822D642C0B2F6800B691CA /* RadarViewController.swift in Sources */ = {isa = PBXBuildFile; fileRef = 5C822D632C0B2F6800B691CA /* RadarViewController.swift */; };
		5C822D672C0B2F6800B691CA /* Base in Resources */ = {isa = PBXBuildFile; fileRef = 5C822D662C0B2F6800B691CA /* Base */; };
		5C822D692C0B2F6900B691CA /* Assets.xcassets in Resources */ = {isa = PBXBuildFile; fileRef = 5C822D682C0B2F6900B691CA /* Assets.xcassets */; };
		5C822D6C2C0B2F6900B691CA /* Base in Resources */ = {isa = PBXBuildFile; fileRef = 5C822D6B2C0B2F6900B691CA /* Base */; };
/* End PBXBuildFile section */

/* Begin PBXFileReference section */
		5C444E872C0B4CA800D9A836 /* CoreLocation.framework */ = {isa = PBXFileReference; lastKnownFileType = wrapper.framework; name = CoreLocation.framework; path = System/Library/Frameworks/CoreLocation.framework; sourceTree = SDKROOT; };
		5C444E892C0B4CAE00D9A836 /* MapKit.framework */ = {isa = PBXFileReference; lastKnownFileType = wrapper.framework; name = MapKit.framework; path = System/Library/Frameworks/MapKit.framework; sourceTree = SDKROOT; };
		5C745B142C0C2E72000339AC /* WarheadViewController.swift */ = {isa = PBXFileReference; lastKnownFileType = sourcecode.swift; path = WarheadViewController.swift; sourceTree = "<group>"; };
		5C745B162C0C3EA7000339AC /* LocationPickerViewController.swift */ = {isa = PBXFileReference; lastKnownFileType = sourcecode.swift; path = LocationPickerViewController.swift; sourceTree = "<group>"; };
		5C745B182C0C4337000339AC /* PayloadPickerViewController.swift */ = {isa = PBXFileReference; lastKnownFileType = sourcecode.swift; path = PayloadPickerViewController.swift; sourceTree = "<group>"; };
		5C822D5C2C0B2F6800B691CA /* Warhead.app */ = {isa = PBXFileReference; explicitFileType = wrapper.application; includeInIndex = 0; path = Warhead.app; sourceTree = BUILT_PRODUCTS_DIR; };
		5C822D5F2C0B2F6800B691CA /* AppDelegate.swift */ = {isa = PBXFileReference; lastKnownFileType = sourcecode.swift; path = AppDelegate.swift; sourceTree = "<group>"; };
		5C822D612C0B2F6800B691CA /* SceneDelegate.swift */ = {isa = PBXFileReference; lastKnownFileType = sourcecode.swift; path = SceneDelegate.swift; sourceTree = "<group>"; };
		5C822D632C0B2F6800B691CA /* RadarViewController.swift */ = {isa = PBXFileReference; lastKnownFileType = sourcecode.swift; path = RadarViewController.swift; sourceTree = "<group>"; };
		5C822D662C0B2F6800B691CA /* Base */ = {isa = PBXFileReference; lastKnownFileType = file.storyboard; name = Base; path = Base.lproj/Main.storyboard; sourceTree = "<group>"; };
		5C822D682C0B2F6900B691CA /* Assets.xcassets */ = {isa = PBXFileReference; lastKnownFileType = folder.assetcatalog; path = Assets.xcassets; sourceTree = "<group>"; };
		5C822D6B2C0B2F6900B691CA /* Base */ = {isa = PBXFileReference; lastKnownFileType = file.storyboard; name = Base; path = Base.lproj/LaunchScreen.storyboard; sourceTree = "<group>"; };
		5C822D6D2C0B2F6900B691CA /* Info.plist */ = {isa = PBXFileReference; lastKnownFileType = text.plist.xml; path = Info.plist; sourceTree = "<group>"; };
/* End PBXFileReference section */

/* Begin PBXFrameworksBuildPhase section */
		5C822D592C0B2F6800B691CA /* Frameworks */ = {
			isa = PBXFrameworksBuildPhase;
			buildActionMask = 2147483647;
			files = (
				5C444E8A2C0B4CAE00D9A836 /* MapKit.framework in Frameworks */,
				5C444E882C0B4CA800D9A836 /* CoreLocation.framework in Frameworks */,
			);
			runOnlyForDeploymentPostprocessing = 0;
		};
/* End PBXFrameworksBuildPhase section */

/* Begin PBXGroup section */
		5C444E862C0B4CA800D9A836 /* Frameworks */ = {
			isa = PBXGroup;
			children = (
				5C444E892C0B4CAE00D9A836 /* MapKit.framework */,
				5C444E872C0B4CA800D9A836 /* CoreLocation.framework */,
			);
			name = Frameworks;
			sourceTree = "<group>";
		};
		5C822D532C0B2F6800B691CA = {
			isa = PBXGroup;
			children = (
				5C822D5E2C0B2F6800B691CA /* Warhead */,
				5C822D5D2C0B2F6800B691CA /* Products */,
				5C444E862C0B4CA800D9A836 /* Frameworks */,
			);
			sourceTree = "<group>";
		};
		5C822D5D2C0B2F6800B691CA /* Products */ = {
			isa = PBXGroup;
			children = (
				5C822D5C2C0B2F6800B691CA /* Warhead.app */,
			);
			name = Products;
			sourceTree = "<group>";
		};
		5C822D5E2C0B2F6800B691CA /* Warhead */ = {
			isa = PBXGroup;
			children = (
				5C822D732C0B31DC00B691CA /* Backend */,
				5C822D5F2C0B2F6800B691CA /* AppDelegate.swift */,
				5C822D612C0B2F6800B691CA /* SceneDelegate.swift */,
				5C822D632C0B2F6800B691CA /* RadarViewController.swift */,
				5C745B162C0C3EA7000339AC /* LocationPickerViewController.swift */,
				5C745B142C0C2E72000339AC /* WarheadViewController.swift */,
				5C745B182C0C4337000339AC /* PayloadPickerViewController.swift */,
				5C822D652C0B2F6800B691CA /* Main.storyboard */,
				5C822D682C0B2F6900B691CA /* Assets.xcassets */,
				5C822D6A2C0B2F6900B691CA /* LaunchScreen.storyboard */,
				5C822D6D2C0B2F6900B691CA /* Info.plist */,
			);
			path = Warhead;
			sourceTree = "<group>";
		};
		5C822D732C0B31DC00B691CA /* Backend */ = {
			isa = PBXGroup;
			children = (
			);
			path = Backend;
			sourceTree = "<group>";
		};
/* End PBXGroup section */

/* Begin PBXNativeTarget section */
		5C822D5B2C0B2F6800B691CA /* Warhead */ = {
			isa = PBXNativeTarget;
			buildConfigurationList = 5C822D702C0B2F6900B691CA /* Build configuration list for PBXNativeTarget "Warhead" */;
			buildPhases = (
				5C822D582C0B2F6800B691CA /* Sources */,
				5C822D592C0B2F6800B691CA /* Frameworks */,
				5C822D5A2C0B2F6800B691CA /* Resources */,
			);
			buildRules = (
			);
			dependencies = (
			);
			name = Warhead;
			productName = Warhead;
			productReference = 5C822D5C2C0B2F6800B691CA /* Warhead.app */;
			productType = "com.apple.product-type.application";
		};
/* End PBXNativeTarget section */

/* Begin PBXProject section */
		5C822D542C0B2F6800B691CA /* Project object */ = {
			isa = PBXProject;
			attributes = {
				BuildIndependentTargetsInParallel = 1;
				LastSwiftUpdateCheck = 1540;
				LastUpgradeCheck = 1540;
				TargetAttributes = {
					5C822D5B2C0B2F6800B691CA = {
						CreatedOnToolsVersion = 15.4;
					};
				};
			};
			buildConfigurationList = 5C822D572C0B2F6800B691CA /* Build configuration list for PBXProject "Warhead" */;
			compatibilityVersion = "Xcode 14.0";
			developmentRegion = en;
			hasScannedForEncodings = 0;
			knownRegions = (
				en,
				Base,
			);
			mainGroup = 5C822D532C0B2F6800B691CA;
			productRefGroup = 5C822D5D2C0B2F6800B691CA /* Products */;
			projectDirPath = "";
			projectRoot = "";
			targets = (
				5C822D5B2C0B2F6800B691CA /* Warhead */,
			);
		};
/* End PBXProject section */

/* Begin PBXResourcesBuildPhase section */
		5C822D5A2C0B2F6800B691CA /* Resources */ = {
			isa = PBXResourcesBuildPhase;
			buildActionMask = 2147483647;
			files = (
				5C822D692C0B2F6900B691CA /* Assets.xcassets in Resources */,
				5C822D6C2C0B2F6900B691CA /* Base in Resources */,
				5C822D672C0B2F6800B691CA /* Base in Resources */,
			);
			runOnlyForDeploymentPostprocessing = 0;
		};
/* End PBXResourcesBuildPhase section */

/* Begin PBXSourcesBuildPhase section */
		5C822D582C0B2F6800B691CA /* Sources */ = {
			isa = PBXSourcesBuildPhase;
			buildActionMask = 2147483647;
			files = (
				5C822D642C0B2F6800B691CA /* RadarViewController.swift in Sources */,
				5C745B152C0C2E72000339AC /* WarheadViewController.swift in Sources */,
				5C822D602C0B2F6800B691CA /* AppDelegate.swift in Sources */,
				5C745B192C0C4337000339AC /* PayloadPickerViewController.swift in Sources */,
				5C745B172C0C3EA7000339AC /* LocationPickerViewController.swift in Sources */,
				5C822D622C0B2F6800B691CA /* SceneDelegate.swift in Sources */,
			);
			runOnlyForDeploymentPostprocessing = 0;
		};
/* End PBXSourcesBuildPhase section */

/* Begin PBXVariantGroup section */
		5C822D652C0B2F6800B691CA /* Main.storyboard */ = {
			isa = PBXVariantGroup;
			children = (
				5C822D662C0B2F6800B691CA /* Base */,
			);
			name = Main.storyboard;
			sourceTree = "<group>";
		};
		5C822D6A2C0B2F6900B691CA /* LaunchScreen.storyboard */ = {
			isa = PBXVariantGroup;
			children = (
				5C822D6B2C0B2F6900B691CA /* Base */,
			);
			name = LaunchScreen.storyboard;
			sourceTree = "<group>";
		};
/* End PBXVariantGroup section */

/* Begin XCBuildConfiguration section */
		5C822D6E2C0B2F6900B691CA /* Debug */ = {
			isa = XCBuildConfiguration;
			buildSettings = {
				ALWAYS_SEARCH_USER_PATHS = NO;
				ASSETCATALOG_COMPILER_GENERATE_SWIFT_ASSET_SYMBOL_EXTENSIONS = YES;
				CLANG_ANALYZER_NONNULL = YES;
				CLANG_ANALYZER_NUMBER_OBJECT_CONVERSION = YES_AGGRESSIVE;
				CLANG_CXX_LANGUAGE_STANDARD = "gnu++20";
				CLANG_ENABLE_MODULES = YES;
				CLANG_ENABLE_OBJC_ARC = YES;
				CLANG_ENABLE_OBJC_WEAK = YES;
				CLANG_WARN_BLOCK_CAPTURE_AUTORELEASING = YES;
				CLANG_WARN_BOOL_CONVERSION = YES;
				CLANG_WARN_COMMA = YES;
				CLANG_WARN_CONSTANT_CONVERSION = YES;
				CLANG_WARN_DEPRECATED_OBJC_IMPLEMENTATIONS = YES;
				CLANG_WARN_DIRECT_OBJC_ISA_USAGE = YES_ERROR;
				CLANG_WARN_DOCUMENTATION_COMMENTS = YES;
				CLANG_WARN_EMPTY_BODY = YES;
				CLANG_WARN_ENUM_CONVERSION = YES;
				CLANG_WARN_INFINITE_RECURSION = YES;
				CLANG_WARN_INT_CONVERSION = YES;
				CLANG_WARN_NON_LITERAL_NULL_CONVERSION = YES;
				CLANG_WARN_OBJC_IMPLICIT_RETAIN_SELF = YES;
				CLANG_WARN_OBJC_LITERAL_CONVERSION = YES;
				CLANG_WARN_OBJC_ROOT_CLASS = YES_ERROR;
				CLANG_WARN_QUOTED_INCLUDE_IN_FRAMEWORK_HEADER = YES;
				CLANG_WARN_RANGE_LOOP_ANALYSIS = YES;
				CLANG_WARN_STRICT_PROTOTYPES = YES;
				CLANG_WARN_SUSPICIOUS_MOVE = YES;
				CLANG_WARN_UNGUARDED_AVAILABILITY = YES_AGGRESSIVE;
				CLANG_WARN_UNREACHABLE_CODE = YES;
				CLANG_WARN__DUPLICATE_METHOD_MATCH = YES;
				COPY_PHASE_STRIP = NO;
				DEBUG_INFORMATION_FORMAT = dwarf;
				ENABLE_STRICT_OBJC_MSGSEND = YES;
				ENABLE_TESTABILITY = YES;
				ENABLE_USER_SCRIPT_SANDBOXING = YES;
				GCC_C_LANGUAGE_STANDARD = gnu17;
				GCC_DYNAMIC_NO_PIC = NO;
				GCC_NO_COMMON_BLOCKS = YES;
				GCC_OPTIMIZATION_LEVEL = 0;
				GCC_PREPROCESSOR_DEFINITIONS = (
					"DEBUG=1",
					"$(inherited)",
				);
				GCC_WARN_64_TO_32_BIT_CONVERSION = YES;
				GCC_WARN_ABOUT_RETURN_TYPE = YES_ERROR;
				GCC_WARN_UNDECLARED_SELECTOR = YES;
				GCC_WARN_UNINITIALIZED_AUTOS = YES_AGGRESSIVE;
				GCC_WARN_UNUSED_FUNCTION = YES;
				GCC_WARN_UNUSED_VARIABLE = YES;
				IPHONEOS_DEPLOYMENT_TARGET = 17.0;
				LOCALIZATION_PREFERS_STRING_CATALOGS = YES;
				MTL_ENABLE_DEBUG_INFO = INCLUDE_SOURCE;
				MTL_FAST_MATH = YES;
				ONLY_ACTIVE_ARCH = YES;
				SDKROOT = iphoneos;
				SWIFT_ACTIVE_COMPILATION_CONDITIONS = "DEBUG $(inherited)";
				SWIFT_OPTIMIZATION_LEVEL = "-Onone";
			};
			name = Debug;
		};
		5C822D6F2C0B2F6900B691CA /* Release */ = {
			isa = XCBuildConfiguration;
			buildSettings = {
				ALWAYS_SEARCH_USER_PATHS = NO;
				ASSETCATALOG_COMPILER_GENERATE_SWIFT_ASSET_SYMBOL_EXTENSIONS = YES;
				CLANG_ANALYZER_NONNULL = YES;
				CLANG_ANALYZER_NUMBER_OBJECT_CONVERSION = YES_AGGRESSIVE;
				CLANG_CXX_LANGUAGE_STANDARD = "gnu++20";
				CLANG_ENABLE_MODULES = YES;
				CLANG_ENABLE_OBJC_ARC = YES;
				CLANG_ENABLE_OBJC_WEAK = YES;
				CLANG_WARN_BLOCK_CAPTURE_AUTORELEASING = YES;
				CLANG_WARN_BOOL_CONVERSION = YES;
				CLANG_WARN_COMMA = YES;
				CLANG_WARN_CONSTANT_CONVERSION = YES;
				CLANG_WARN_DEPRECATED_OBJC_IMPLEMENTATIONS = YES;
				CLANG_WARN_DIRECT_OBJC_ISA_USAGE = YES_ERROR;
				CLANG_WARN_DOCUMENTATION_COMMENTS = YES;
				CLANG_WARN_EMPTY_BODY = YES;
				CLANG_WARN_ENUM_CONVERSION = YES;
				CLANG_WARN_INFINITE_RECURSION = YES;
				CLANG_WARN_INT_CONVERSION = YES;
				CLANG_WARN_NON_LITERAL_NULL_CONVERSION = YES;
				CLANG_WARN_OBJC_IMPLICIT_RETAIN_SELF = YES;
				CLANG_WARN_OBJC_LITERAL_CONVERSION = YES;
				CLANG_WARN_OBJC_ROOT_CLASS = YES_ERROR;
				CLANG_WARN_QUOTED_INCLUDE_IN_FRAMEWORK_HEADER = YES;
				CLANG_WARN_RANGE_LOOP_ANALYSIS = YES;
				CLANG_WARN_STRICT_PROTOTYPES = YES;
				CLANG_WARN_SUSPICIOUS_MOVE = YES;
				CLANG_WARN_UNGUARDED_AVAILABILITY = YES_AGGRESSIVE;
				CLANG_WARN_UNREACHABLE_CODE = YES;
				CLANG_WARN__DUPLICATE_METHOD_MATCH = YES;
				COPY_PHASE_STRIP = NO;
				DEBUG_INFORMATION_FORMAT = "dwarf-with-dsym";
				ENABLE_NS_ASSERTIONS = NO;
				ENABLE_STRICT_OBJC_MSGSEND = YES;
				ENABLE_USER_SCRIPT_SANDBOXING = YES;
				GCC_C_LANGUAGE_STANDARD = gnu17;
				GCC_NO_COMMON_BLOCKS = YES;
				GCC_WARN_64_TO_32_BIT_CONVERSION = YES;
				GCC_WARN_ABOUT_RETURN_TYPE = YES_ERROR;
				GCC_WARN_UNDECLARED_SELECTOR = YES;
				GCC_WARN_UNINITIALIZED_AUTOS = YES_AGGRESSIVE;
				GCC_WARN_UNUSED_FUNCTION = YES;
				GCC_WARN_UNUSED_VARIABLE = YES;
				IPHONEOS_DEPLOYMENT_TARGET = 17.0;
				LOCALIZATION_PREFERS_STRING_CATALOGS = YES;
				MTL_ENABLE_DEBUG_INFO = NO;
				MTL_FAST_MATH = YES;
				SDKROOT = iphoneos;
				SWIFT_COMPILATION_MODE = wholemodule;
				VALIDATE_PRODUCT = YES;
			};
			name = Release;
		};
		5C822D712C0B2F6900B691CA /* Debug */ = {
			isa = XCBuildConfiguration;
			buildSettings = {
				ASSETCATALOG_COMPILER_APPICON_NAME = AppIcon;
				ASSETCATALOG_COMPILER_GLOBAL_ACCENT_COLOR_NAME = AccentColor;
				CODE_SIGN_STYLE = Automatic;
				CURRENT_PROJECT_VERSION = 1;
				DEVELOPMENT_TEAM = TS4RX6E9KD;
				GENERATE_INFOPLIST_FILE = YES;
				INFOPLIST_FILE = Warhead/Info.plist;
				INFOPLIST_KEY_UIApplicationSupportsIndirectInputEvents = YES;
				INFOPLIST_KEY_UILaunchStoryboardName = LaunchScreen;
				INFOPLIST_KEY_UIMainStoryboardFile = Main;
				INFOPLIST_KEY_UISupportedInterfaceOrientations = UIInterfaceOrientationPortrait;
				INFOPLIST_KEY_UISupportedInterfaceOrientations_iPad = "UIInterfaceOrientationLandscapeLeft UIInterfaceOrientationLandscapeRight UIInterfaceOrientationPortrait UIInterfaceOrientationPortraitUpsideDown";
				IPHONEOS_DEPLOYMENT_TARGET = 17.0;
				LD_RUNPATH_SEARCH_PATHS = (
					"$(inherited)",
					"@executable_path/Frameworks",
				);
				MARKETING_VERSION = 1.0;
				PRODUCT_BUNDLE_IDENTIFIER = com.app.Warhead;
				PRODUCT_NAME = "$(TARGET_NAME)";
				SUPPORTED_PLATFORMS = "iphoneos iphonesimulator";
				SUPPORTS_MACCATALYST = NO;
				SUPPORTS_MAC_DESIGNED_FOR_IPHONE_IPAD = NO;
				SUPPORTS_XR_DESIGNED_FOR_IPHONE_IPAD = NO;
				SWIFT_EMIT_LOC_STRINGS = YES;
				SWIFT_VERSION = 5.0;
				TARGETED_DEVICE_FAMILY = "1,2";
			};
			name = Debug;
		};
		5C822D722C0B2F6900B691CA /* Release */ = {
			isa = XCBuildConfiguration;
			buildSettings = {
				ASSETCATALOG_COMPILER_APPICON_NAME = AppIcon;
				ASSETCATALOG_COMPILER_GLOBAL_ACCENT_COLOR_NAME = AccentColor;
				CODE_SIGN_STYLE = Automatic;
				CURRENT_PROJECT_VERSION = 1;
				DEVELOPMENT_TEAM = TS4RX6E9KD;
				GENERATE_INFOPLIST_FILE = YES;
				INFOPLIST_FILE = Warhead/Info.plist;
				INFOPLIST_KEY_UIApplicationSupportsIndirectInputEvents = YES;
				INFOPLIST_KEY_UILaunchStoryboardName = LaunchScreen;
				INFOPLIST_KEY_UIMainStoryboardFile = Main;
				INFOPLIST_KEY_UISupportedInterfaceOrientations = UIInterfaceOrientationPortrait;
				INFOPLIST_KEY_UISupportedInterfaceOrientations_iPad = "UIInterfaceOrientationLandscapeLeft UIInterfaceOrientationLandscapeRight UIInterfaceOrientationPortrait UIInterfaceOrientationPortraitUpsideDown";
				IPHONEOS_DEPLOYMENT_TARGET = 17.0;
				LD_RUNPATH_SEARCH_PATHS = (
					"$(inherited)",
					"@executable_path/Frameworks",
				);
				MARKETING_VERSION = 1.0;
				PRODUCT_BUNDLE_IDENTIFIER = com.app.Warhead;
				PRODUCT_NAME = "$(TARGET_NAME)";
				SUPPORTED_PLATFORMS = "iphoneos iphonesimulator";
				SUPPORTS_MACCATALYST = NO;
				SUPPORTS_MAC_DESIGNED_FOR_IPHONE_IPAD = NO;
				SUPPORTS_XR_DESIGNED_FOR_IPHONE_IPAD = NO;
				SWIFT_EMIT_LOC_STRINGS = YES;
				SWIFT_VERSION = 5.0;
				TARGETED_DEVICE_FAMILY = "1,2";
			};
			name = Release;
		};
/* End XCBuildConfiguration section */

/* Begin XCConfigurationList section */
		5C822D572C0B2F6800B691CA /* Build configuration list for PBXProject "Warhead" */ = {
			isa = XCConfigurationList;
			buildConfigurations = (
				5C822D6E2C0B2F6900B691CA /* Debug */,
				5C822D6F2C0B2F6900B691CA /* Release */,
			);
			defaultConfigurationIsVisible = 0;
			defaultConfigurationName = Release;
		};
		5C822D702C0B2F6900B691CA /* Build configuration list for PBXNativeTarget "Warhead" */ = {
			isa = XCConfigurationList;
			buildConfigurations = (
				5C822D712C0B2F6900B691CA /* Debug */,
				5C822D722C0B2F6900B691CA /* Release */,
			);
			defaultConfigurationIsVisible = 0;
			defaultConfigurationName = Release;
		};
/* End XCConfigurationList section */
	};
	rootObject = 5C822D542C0B2F6800B691CA /* Project object */;
}
